
Microsoft Visual Studio Solution File, Format Version 12.00
# Visual Studio Version 16
VisualStudioVersion = 16.0.30413.136
MinimumVisualStudioVersion = 10.0.40219.1
Project("{FAE04EC0-301F-11D3-BF4B-00C04F79EFBC}") = "LeSolitaire", "LeSolitaire\LeSolitaire.csproj", "{02C38D04-A5CF-495C-B3B3-EAA315DC437E}"
EndProject
Project("{FAE04EC0-301F-11D3-BF4B-00C04F79EFBC}") = "UserControls", "UserControls\UserControls.csproj", "{AFCA6834-E6C0-416D-A9A3-E65F08C46964}"
EndProject
Project("{FAE04EC0-301F-11D3-BF4B-00C04F79EFBC}") = "Tests", "Tests\Tests.csproj", "{8F5F84BB-3FF0-4846-A6AF-FD8BD9165EE0}"
EndProject
Project("{FAE04EC0-301F-11D3-BF4B-00C04F79EFBC}") = "LeSolitaireLogique", "LeSolitaireLogique\LeSolitaireLogique.csproj", "{BCA4C8A5-E3FA-468A-A31D-1B887DF668EB}"
EndProject
Project("{FAE04EC0-301F-11D3-BF4B-00C04F79EFBC}") = "BTree", "BTree\BTree.csproj", "{A5E0E0C6-693E-474C-AA0F-E211C414770F}"
EndProject
Project("{2150E333-8FDC-42A3-9474-1A3956D46DE8}") = "Solution Items", "Solution Items", "{4A3A3891-774C-4FE6-AD9F-30493141E691}"
	ProjectSection(SolutionItems) = preProject
		.editorconfig = .editorconfig
	EndProjectSection
EndProject
Global
	GlobalSection(SolutionConfigurationPlatforms) = preSolution
		Debug|Any CPU = Debug|Any CPU
		Release|Any CPU = Release|Any CPU
	EndGlobalSection
	GlobalSection(ProjectConfigurationPlatforms) = postSolution
		{02C38D04-A5CF-495C-B3B3-EAA315DC437E}.Debug|Any CPU.ActiveCfg = Debug|Any CPU
		{02C38D04-A5CF-495C-B3B3-EAA315DC437E}.Debug|Any CPU.Build.0 = Debug|Any CPU
		{02C38D04-A5CF-495C-B3B3-EAA315DC437E}.Release|Any CPU.ActiveCfg = Release|Any CPU
		{02C38D04-A5CF-495C-B3B3-EAA315DC437E}.Release|Any CPU.Build.0 = Release|Any CPU
		{AFCA6834-E6C0-416D-A9A3-E65F08C46964}.Debug|Any CPU.ActiveCfg = Debug|Any CPU
		{AFCA6834-E6C0-416D-A9A3-E65F08C46964}.Debug|Any CPU.Build.0 = Debug|Any CPU
		{AFCA6834-E6C0-416D-A9A3-E65F08C46964}.Release|Any CPU.ActiveCfg = Release|Any CPU
		{AFCA6834-E6C0-416D-A9A3-E65F08C46964}.Release|Any CPU.Build.0 = Release|Any CPU
		{8F5F84BB-3FF0-4846-A6AF-FD8BD9165EE0}.Debug|Any CPU.ActiveCfg = Debug|Any CPU
		{8F5F84BB-3FF0-4846-A6AF-FD8BD9165EE0}.Debug|Any CPU.Build.0 = Debug|Any CPU
		{8F5F84BB-3FF0-4846-A6AF-FD8BD9165EE0}.Release|Any CPU.ActiveCfg = Release|Any CPU
		{8F5F84BB-3FF0-4846-A6AF-FD8BD9165EE0}.Release|Any CPU.Build.0 = Release|Any CPU
		{BCA4C8A5-E3FA-468A-A31D-1B887DF668EB}.Debug|Any CPU.ActiveCfg = Debug|Any CPU
		{BCA4C8A5-E3FA-468A-A31D-1B887DF668EB}.Debug|Any CPU.Build.0 = Debug|Any CPU
		{BCA4C8A5-E3FA-468A-A31D-1B887DF668EB}.Release|Any CPU.ActiveCfg = Release|Any CPU
		{BCA4C8A5-E3FA-468A-A31D-1B887DF668EB}.Release|Any CPU.Build.0 = Release|Any CPU
		{A5E0E0C6-693E-474C-AA0F-E211C414770F}.Debug|Any CPU.ActiveCfg = Debug|Any CPU
		{A5E0E0C6-693E-474C-AA0F-E211C414770F}.Debug|Any CPU.Build.0 = Debug|Any CPU
		{A5E0E0C6-693E-474C-AA0F-E211C414770F}.Release|Any CPU.ActiveCfg = Release|Any CPU
		{A5E0E0C6-693E-474C-AA0F-E211C414770F}.Release|Any CPU.Build.0 = Release|Any CPU
	EndGlobalSection
	GlobalSection(SolutionProperties) = preSolution
		HideSolutionNode = FALSE
	EndGlobalSection
	GlobalSection(ExtensibilityGlobals) = postSolution
		SolutionGuid = {F356C7A3-7405-45E4-B993-15DC8474B35D}
	EndGlobalSection
EndGlobal
